Microsoft Visual Studio Solution File, Format Version 10.00
# Visual Studio 2008

Project("{AE217B2B-B2C7-B583-648A-068FC0622BEF}") = "WarfrareI - Kopie", "WarfrareI - Kopie.csproj", "{386F246C-E999-D2B0-494E-16852364E57D}"
EndProject
Global
	GlobalSection(SolutionConfigurationPlatforms) = preSolution
		Debug|Any CPU = Debug|Any CPU
		Release|Any CPU = Release|Any CPU
	EndGlobalSection
	GlobalSection(ProjectConfigurationPlatforms) = postSolution
		{386F246C-E999-D2B0-494E-16852364E57D}.Debug|Any CPU.ActiveCfg = Debug|Any CPU
		{386F246C-E999-D2B0-494E-16852364E57D}.Debug|Any CPU.Build.0 = Debug|Any CPU
		{386F246C-E999-D2B0-494E-16852364E57D}.Release|Any CPU.ActiveCfg = Release|Any CPU
		{386F246C-E999-D2B0-494E-16852364E57D}.Release|Any CPU.Build.0 = Release|Any CPU
	EndGlobalSection
	GlobalSection(SolutionProperties) = preSolution
		HideSolutionNode = FALSE
	EndGlobalSection
	
EndGlobal
